
Microsoft Visual Studio Solution File, Format Version 12.00
# Visual Studio Version 16
VisualStudioVersion = 16.0.31112.23
MinimumVisualStudioVersion = 10.0.40219.1
Project("{FAE04EC0-301F-11D3-BF4B-00C04F79EFBC}") = "BookLibs", "BookLibs\BookLibs.csproj", "{635EFDF5-5534-4F4A-8F41-1DD6BFF883BD}"
EndProject
Project("{FAE04EC0-301F-11D3-BF4B-00C04F79EFBC}") = "Start", "Start\Start.csproj", "{C690F64B-39A5-462D-B6EE-5816DD79095C}"
EndProject
Global
	GlobalSection(SolutionConfigurationPlatforms) = preSolution
		Debug|Any CPU = Debug|Any CPU
		Release|Any CPU = Release|Any CPU
	EndGlobalSection
	GlobalSection(ProjectConfigurationPlatforms) = postSolution
		{635EFDF5-5534-4F4A-8F41-1DD6BFF883BD}.Debug|Any CPU.ActiveCfg = Debug|Any CPU
		{635EFDF5-5534-4F4A-8F41-1DD6BFF883BD}.Debug|Any CPU.Build.0 = Debug|Any CPU
		{635EFDF5-5534-4F4A-8F41-1DD6BFF883BD}.Release|Any CPU.ActiveCfg = Release|Any CPU
		{635EFDF5-5534-4F4A-8F41-1DD6BFF883BD}.Release|Any CPU.Build.0 = Release|Any CPU
		{C690F64B-39A5-462D-B6EE-5816DD79095C}.Debug|Any CPU.ActiveCfg = Debug|Any CPU
		{C690F64B-39A5-462D-B6EE-5816DD79095C}.Debug|Any CPU.Build.0 = Debug|Any CPU
		{C690F64B-39A5-462D-B6EE-5816DD79095C}.Release|Any CPU.ActiveCfg = Release|Any CPU
		{C690F64B-39A5-462D-B6EE-5816DD79095C}.Release|Any CPU.Build.0 = Release|Any CPU
	EndGlobalSection
	GlobalSection(SolutionProperties) = preSolution
		HideSolutionNode = FALSE
	EndGlobalSection
	GlobalSection(ExtensibilityGlobals) = postSolution
		SolutionGuid = {9BB6901F-0939-4826-9B39-F9097FCE66B6}
	EndGlobalSection
EndGlobal
